
Microsoft Visual Studio Solution File, Format Version 12.00
# Visual Studio Version 17
VisualStudioVersion = 17.8.34511.84
MinimumVisualStudioVersion = 10.0.40219.1
Project("{9A19103F-16F7-4668-BE54-9A1E7A4F7556}") = "publishers.Domain", "publishers.Domain\publishers.Domain.csproj", "{90EA43E4-5D51-47D8-83BA-C7A64AA64725}"
EndProject
Project("{FAE04EC0-301F-11D3-BF4B-00C04F79EFBC}") = "publishers.Infrastructure", "publishers.Infrastructure\publishers.Infrastructure.csproj", "{523E8EE4-F300-481E-A2D5-FCB2C1E3AFDD}"
EndProject
Project("{FAE04EC0-301F-11D3-BF4B-00C04F79EFBC}") = "publishers.Application", "publishers.Application\publishers.Application.csproj", "{13E875E1-44E7-4ADE-99BB-07641915B49A}"
EndProject
Project("{FAE04EC0-301F-11D3-BF4B-00C04F79EFBC}") = "publishers.Api", "publishers.Api\publishers.Api.csproj", "{DD9C55A3-BF29-474B-8A8A-F16FCAA8CCCA}"
EndProject
Project("{FAE04EC0-301F-11D3-BF4B-00C04F79EFBC}") = "publishers.Web", "publishers.Web\publishers.Web.csproj", "{0E1BE9E6-2DF8-43BC-8207-59D93848DFB3}"
EndProject
Project("{FAE04EC0-301F-11D3-BF4B-00C04F79EFBC}") = "publishers.Ioc", "publishers.Ioc\publishers.Ioc.csproj", "{FF365841-74E6-477B-B4CE-A6221FD7CBD2}"
EndProject
Project("{FAE04EC0-301F-11D3-BF4B-00C04F79EFBC}") = "publishers.UnitTest", "publishers.UnitTest\publishers.UnitTest.csproj", "{8C948610-1D0F-486C-984B-66C0611F5F30}"
EndProject
Project("{FAE04EC0-301F-11D3-BF4B-00C04F79EFBC}") = "piblishers.IntegrationTest", "piblishers.IntegrationTest\piblishers.IntegrationTest.csproj", "{364B76D3-663A-4CF5-91FE-CD35D3F6D000}"
EndProject
Global
	GlobalSection(SolutionConfigurationPlatforms) = preSolution
		Debug|Any CPU = Debug|Any CPU
		Release|Any CPU = Release|Any CPU
	EndGlobalSection
	GlobalSection(ProjectConfigurationPlatforms) = postSolution
		{90EA43E4-5D51-47D8-83BA-C7A64AA64725}.Debug|Any CPU.ActiveCfg = Debug|Any CPU
		{90EA43E4-5D51-47D8-83BA-C7A64AA64725}.Debug|Any CPU.Build.0 = Debug|Any CPU
		{90EA43E4-5D51-47D8-83BA-C7A64AA64725}.Release|Any CPU.ActiveCfg = Release|Any CPU
		{90EA43E4-5D51-47D8-83BA-C7A64AA64725}.Release|Any CPU.Build.0 = Release|Any CPU
		{523E8EE4-F300-481E-A2D5-FCB2C1E3AFDD}.Debug|Any CPU.ActiveCfg = Debug|Any CPU
		{523E8EE4-F300-481E-A2D5-FCB2C1E3AFDD}.Debug|Any CPU.Build.0 = Debug|Any CPU
		{523E8EE4-F300-481E-A2D5-FCB2C1E3AFDD}.Release|Any CPU.ActiveCfg = Release|Any CPU
		{523E8EE4-F300-481E-A2D5-FCB2C1E3AFDD}.Release|Any CPU.Build.0 = Release|Any CPU
		{13E875E1-44E7-4ADE-99BB-07641915B49A}.Debug|Any CPU.ActiveCfg = Debug|Any CPU
		{13E875E1-44E7-4ADE-99BB-07641915B49A}.Debug|Any CPU.Build.0 = Debug|Any CPU
		{13E875E1-44E7-4ADE-99BB-07641915B49A}.Release|Any CPU.ActiveCfg = Release|Any CPU
		{13E875E1-44E7-4ADE-99BB-07641915B49A}.Release|Any CPU.Build.0 = Release|Any CPU
		{DD9C55A3-BF29-474B-8A8A-F16FCAA8CCCA}.Debug|Any CPU.ActiveCfg = Debug|Any CPU
		{DD9C55A3-BF29-474B-8A8A-F16FCAA8CCCA}.Debug|Any CPU.Build.0 = Debug|Any CPU
		{DD9C55A3-BF29-474B-8A8A-F16FCAA8CCCA}.Release|Any CPU.ActiveCfg = Release|Any CPU
		{DD9C55A3-BF29-474B-8A8A-F16FCAA8CCCA}.Release|Any CPU.Build.0 = Release|Any CPU
		{0E1BE9E6-2DF8-43BC-8207-59D93848DFB3}.Debug|Any CPU.ActiveCfg = Debug|Any CPU
		{0E1BE9E6-2DF8-43BC-8207-59D93848DFB3}.Debug|Any CPU.Build.0 = Debug|Any CPU
		{0E1BE9E6-2DF8-43BC-8207-59D93848DFB3}.Release|Any CPU.ActiveCfg = Release|Any CPU
		{0E1BE9E6-2DF8-43BC-8207-59D93848DFB3}.Release|Any CPU.Build.0 = Release|Any CPU
		{FF365841-74E6-477B-B4CE-A6221FD7CBD2}.Debug|Any CPU.ActiveCfg = Debug|Any CPU
		{FF365841-74E6-477B-B4CE-A6221FD7CBD2}.Debug|Any CPU.Build.0 = Debug|Any CPU
		{FF365841-74E6-477B-B4CE-A6221FD7CBD2}.Release|Any CPU.ActiveCfg = Release|Any CPU
		{FF365841-74E6-477B-B4CE-A6221FD7CBD2}.Release|Any CPU.Build.0 = Release|Any CPU
		{8C948610-1D0F-486C-984B-66C0611F5F30}.Debug|Any CPU.ActiveCfg = Debug|Any CPU
		{8C948610-1D0F-486C-984B-66C0611F5F30}.Debug|Any CPU.Build.0 = Debug|Any CPU
		{8C948610-1D0F-486C-984B-66C0611F5F30}.Release|Any CPU.ActiveCfg = Release|Any CPU
		{8C948610-1D0F-486C-984B-66C0611F5F30}.Release|Any CPU.Build.0 = Release|Any CPU
		{364B76D3-663A-4CF5-91FE-CD35D3F6D000}.Debug|Any CPU.ActiveCfg = Debug|Any CPU
		{364B76D3-663A-4CF5-91FE-CD35D3F6D000}.Debug|Any CPU.Build.0 = Debug|Any CPU
		{364B76D3-663A-4CF5-91FE-CD35D3F6D000}.Release|Any CPU.ActiveCfg = Release|Any CPU
		{364B76D3-663A-4CF5-91FE-CD35D3F6D000}.Release|Any CPU.Build.0 = Release|Any CPU
	EndGlobalSection
	GlobalSection(SolutionProperties) = preSolution
		HideSolutionNode = FALSE
	EndGlobalSection
	GlobalSection(ExtensibilityGlobals) = postSolution
		SolutionGuid = {0B36F79A-ECE8-4778-8B13-C4360E9D3174}
	EndGlobalSection
EndGlobal
